Microsoft Visual Studio Solution File, Format Version 12.00
# Visual Studio Version 17
VisualStudioVersion = 17.5.2.0
MinimumVisualStudioVersion = 10.0.40219.1
Project("{FAE04EC0-301F-11D3-BF4B-00C04F79EFBC}") = "SubjectApp", "SubjectApp.csproj", "{B8F432E7-A5B1-6ADE-BF59-15B91F99D145}"
EndProject
Global
	GlobalSection(SolutionConfigurationPlatforms) = preSolution
		Debug|Any CPU = Debug|Any CPU
		Release|Any CPU = Release|Any CPU
	EndGlobalSection
	GlobalSection(ProjectConfigurationPlatforms) = postSolution
		{B8F432E7-A5B1-6ADE-BF59-15B91F99D145}.Debug|Any CPU.ActiveCfg = Debug|Any CPU
		{B8F432E7-A5B1-6ADE-BF59-15B91F99D145}.Debug|Any CPU.Build.0 = Debug|Any CPU
		{B8F432E7-A5B1-6ADE-BF59-15B91F99D145}.Release|Any CPU.ActiveCfg = Release|Any CPU
		{B8F432E7-A5B1-6ADE-BF59-15B91F99D145}.Release|Any CPU.Build.0 = Release|Any CPU
	EndGlobalSection
	GlobalSection(SolutionProperties) = preSolution
		HideSolutionNode = FALSE
	EndGlobalSection
	GlobalSection(ExtensibilityGlobals) = postSolution
		SolutionGuid = {8929DB26-11EC-4939-A2B5-B6697B28E219}
	EndGlobalSection
EndGlobal
